Microsoft Visual Studio Solution File, Format Version 12.00
# Visual Studio Version 17
VisualStudioVersion = 17.4.33103.184
MinimumVisualStudioVersion = 10.0.40219.1
Project("{9A19103F-16F7-4668-BE54-9A1E7A4F7556}") = "SmartAss", "src\SmartAss\SmartAss.csproj", "{8570B33A-4F60-42CE-A7AA-3D8A16ABB5B7}"
EndProject
Project("{9A19103F-16F7-4668-BE54-9A1E7A4F7556}") = "SmartAss.Specs", "specs\SmartAss.Specs\SmartAss.Specs.csproj", "{BAD72450-530A-489E-981D-C9F56E8BEB4B}"
EndProject
Project("{9A19103F-16F7-4668-BE54-9A1E7A4F7556}") = "Benchmarks", "specs\Benchmarks\Benchmarks.csproj", "{231B7AD1-8AD4-45E1-AFAC-E1768480506B}"
EndProject
Project("{FAE04EC0-301F-11D3-BF4B-00C04F79EFBC}") = ".net", ".net.csproj", "{A3107EC7-883F-4C04-96A8-F37F52D554D7}"
EndProject
Global
	GlobalSection(SolutionConfigurationPlatforms) = preSolution
		Debug|Any CPU = Debug|Any CPU
		Release|Any CPU = Release|Any CPU
	EndGlobalSection
	GlobalSection(ProjectConfigurationPlatforms) = postSolution
		{8570B33A-4F60-42CE-A7AA-3D8A16ABB5B7}.Debug|Any CPU.ActiveCfg = Debug|Any CPU
		{8570B33A-4F60-42CE-A7AA-3D8A16ABB5B7}.Debug|Any CPU.Build.0 = Debug|Any CPU
		{8570B33A-4F60-42CE-A7AA-3D8A16ABB5B7}.Release|Any CPU.ActiveCfg = Release|Any CPU
		{8570B33A-4F60-42CE-A7AA-3D8A16ABB5B7}.Release|Any CPU.Build.0 = Release|Any CPU
		{BAD72450-530A-489E-981D-C9F56E8BEB4B}.Debug|Any CPU.ActiveCfg = Debug|Any CPU
		{BAD72450-530A-489E-981D-C9F56E8BEB4B}.Debug|Any CPU.Build.0 = Debug|Any CPU
		{BAD72450-530A-489E-981D-C9F56E8BEB4B}.Release|Any CPU.ActiveCfg = Release|Any CPU
		{BAD72450-530A-489E-981D-C9F56E8BEB4B}.Release|Any CPU.Build.0 = Release|Any CPU
		{231B7AD1-8AD4-45E1-AFAC-E1768480506B}.Debug|Any CPU.ActiveCfg = Debug|Any CPU
		{231B7AD1-8AD4-45E1-AFAC-E1768480506B}.Debug|Any CPU.Build.0 = Debug|Any CPU
		{231B7AD1-8AD4-45E1-AFAC-E1768480506B}.Release|Any CPU.ActiveCfg = Release|Any CPU
		{231B7AD1-8AD4-45E1-AFAC-E1768480506B}.Release|Any CPU.Build.0 = Release|Any CPU
		{A3107EC7-883F-4C04-96A8-F37F52D554D7}.Debug|Any CPU.ActiveCfg = Debug|Any CPU
		{A3107EC7-883F-4C04-96A8-F37F52D554D7}.Debug|Any CPU.Build.0 = Debug|Any CPU
		{A3107EC7-883F-4C04-96A8-F37F52D554D7}.Release|Any CPU.ActiveCfg = Release|Any CPU
		{A3107EC7-883F-4C04-96A8-F37F52D554D7}.Release|Any CPU.Build.0 = Release|Any CPU
	EndGlobalSection
	GlobalSection(SolutionProperties) = preSolution
		HideSolutionNode = FALSE
	EndGlobalSection
	GlobalSection(ExtensibilityGlobals) = postSolution
		SolutionGuid = {FE7B26F7-A91E-4868-AE31-74DF35A3C33D}
	EndGlobalSection
EndGlobal
